
Microsoft Visual Studio Solution File, Format Version 12.00
# Visual Studio 14
VisualStudioVersion = 14.0.24720.0
MinimumVisualStudioVersion = 10.0.40219.1
Project("{FAE04EC0-301F-11D3-BF4B-00C04F79EFBC}") = "Restaurant", "Restaurant\Restaurant.csproj", "{58B4EBF4-4309-4243-AE69-EA0F42F2A60C}"
EndProject
Project("{FAE04EC0-301F-11D3-BF4B-00C04F79EFBC}") = "Restaurant.Clases", "Restaurant.Clases\Restaurant.Clases.csproj", "{DD71A536-B20A-43BE-905E-B9BA29A13F5A}"
EndProject
Global
	GlobalSection(SolutionConfigurationPlatforms) = preSolution
		Debug|Any CPU = Debug|Any CPU
		Release|Any CPU = Release|Any CPU
	EndGlobalSection
	GlobalSection(ProjectConfigurationPlatforms) = postSolution
		{58B4EBF4-4309-4243-AE69-EA0F42F2A60C}.Debug|Any CPU.ActiveCfg = Debug|Any CPU
		{58B4EBF4-4309-4243-AE69-EA0F42F2A60C}.Debug|Any CPU.Build.0 = Debug|Any CPU
		{58B4EBF4-4309-4243-AE69-EA0F42F2A60C}.Release|Any CPU.ActiveCfg = Release|Any CPU
		{58B4EBF4-4309-4243-AE69-EA0F42F2A60C}.Release|Any CPU.Build.0 = Release|Any CPU
		{DD71A536-B20A-43BE-905E-B9BA29A13F5A}.Debug|Any CPU.ActiveCfg = Debug|Any CPU
		{DD71A536-B20A-43BE-905E-B9BA29A13F5A}.Debug|Any CPU.Build.0 = Debug|Any CPU
		{DD71A536-B20A-43BE-905E-B9BA29A13F5A}.Release|Any CPU.ActiveCfg = Release|Any CPU
		{DD71A536-B20A-43BE-905E-B9BA29A13F5A}.Release|Any CPU.Build.0 = Release|Any CPU
	EndGlobalSection
	GlobalSection(SolutionProperties) = preSolution
		HideSolutionNode = FALSE
	EndGlobalSection
EndGlobal
